
Microsoft Visual Studio Solution File, Format Version 12.00
# Visual Studio 15
VisualStudioVersion = 15.0.27004.2006
MinimumVisualStudioVersion = 10.0.40219.1
Project("{FAE04EC0-301F-11D3-BF4B-00C04F79EFBC}") = "HomeworkFirst", "HomeworkFirst\HomeworkFirst.csproj", "{D5277A6C-FC37-4BD4-9F30-E064B79F85DB}"
EndProject
Project("{FAE04EC0-301F-11D3-BF4B-00C04F79EFBC}") = "HomeworkFirst.Tests", "HomeworkFirst.Tests\HomeworkFirst.Tests.csproj", "{58C7BA07-560B-4B36-B565-9DB9F84C08CB}"
EndProject
Global
	GlobalSection(SolutionConfigurationPlatforms) = preSolution
		Debug|Any CPU = Debug|Any CPU
		Release|Any CPU = Release|Any CPU
	EndGlobalSection
	GlobalSection(ProjectConfigurationPlatforms) = postSolution
		{D5277A6C-FC37-4BD4-9F30-E064B79F85DB}.Debug|Any CPU.ActiveCfg = Debug|Any CPU
		{D5277A6C-FC37-4BD4-9F30-E064B79F85DB}.Debug|Any CPU.Build.0 = Debug|Any CPU
		{D5277A6C-FC37-4BD4-9F30-E064B79F85DB}.Release|Any CPU.ActiveCfg = Release|Any CPU
		{D5277A6C-FC37-4BD4-9F30-E064B79F85DB}.Release|Any CPU.Build.0 = Release|Any CPU
		{58C7BA07-560B-4B36-B565-9DB9F84C08CB}.Debug|Any CPU.ActiveCfg = Debug|Any CPU
		{58C7BA07-560B-4B36-B565-9DB9F84C08CB}.Debug|Any CPU.Build.0 = Debug|Any CPU
		{58C7BA07-560B-4B36-B565-9DB9F84C08CB}.Release|Any CPU.ActiveCfg = Release|Any CPU
		{58C7BA07-560B-4B36-B565-9DB9F84C08CB}.Release|Any CPU.Build.0 = Release|Any CPU
	EndGlobalSection
	GlobalSection(SolutionProperties) = preSolution
		HideSolutionNode = FALSE
	EndGlobalSection
	GlobalSection(ExtensibilityGlobals) = postSolution
		SolutionGuid = {C30AB550-DF28-4B69-A329-F0D405D1D7F8}
	EndGlobalSection
EndGlobal
